
Microsoft Visual Studio Solution File, Format Version 12.00
# Visual Studio 2013
VisualStudioVersion = 12.0.30723.0
MinimumVisualStudioVersion = 10.0.40219.1
Project("{FAE04EC0-301F-11D3-BF4B-00C04F79EFBC}") = "216 Intermediate - HoldEm", "HoldEm\216 Intermediate - HoldEm.csproj", "{462C9B7A-2267-4BE1-A05D-C5CC6ABF5949}"
EndProject
Project("{FAE04EC0-301F-11D3-BF4B-00C04F79EFBC}") = "217 Easy - Lumberjack", "Lumberjack_217_Easy\217 Easy - Lumberjack.csproj", "{BD25F42C-4148-44DC-B6F9-66EB23C9032F}"
EndProject
Project("{FAE04EC0-301F-11D3-BF4B-00C04F79EFBC}") = "216 Hard - Holdem", "HoldEm_216_Hard\216 Hard - Holdem.csproj", "{D5991D28-48D6-48EF-908D-2A5CA44C04C4}"
EndProject
Project("{FAE04EC0-301F-11D3-BF4B-00C04F79EFBC}") = "218 Easy - Palindromic", "Palindromic_218_Easy\218 Easy - Palindromic.csproj", "{9E311A09-7BD0-40B4-8B38-AC5524A633DD}"
EndProject
Project("{FAE04EC0-301F-11D3-BF4B-00C04F79EFBC}") = "218 Intermediate - Polyominoes", "Polyominoes_218_Intermediate\218 Intermediate - Polyominoes.csproj", "{2429B340-42DD-4F53-B76A-62A5A6DFB234}"
EndProject
Project("{FAE04EC0-301F-11D3-BF4B-00C04F79EFBC}") = "218 Hard - ElevatorGenetic", "ElevatorGenetic_218_Hard\218 Hard - ElevatorGenetic.csproj", "{6CB6444D-54B0-4B27-B1C2-D96565915E4A}"
EndProject
Project("{FAE04EC0-301F-11D3-BF4B-00C04F79EFBC}") = "217 Intermediate - SpaceCode", "217 Intermediate - SpaceCode\217 Intermediate - SpaceCode.csproj", "{739802D2-DA14-4597-B35A-4711E63D8987}"
EndProject
Project("{F2A71F9B-5D33-465A-A702-920D77279786}") = "219 Easy - ToDo", "219 Easy - ToDo\219 Easy - ToDo.fsproj", "{82837F38-1F38-4E1C-8752-0213A57452A5}"
EndProject
Global
	GlobalSection(SolutionConfigurationPlatforms) = preSolution
		Debug|Any CPU = Debug|Any CPU
		Release|Any CPU = Release|Any CPU
	EndGlobalSection
	GlobalSection(ProjectConfigurationPlatforms) = postSolution
		{462C9B7A-2267-4BE1-A05D-C5CC6ABF5949}.Debug|Any CPU.ActiveCfg = Debug|Any CPU
		{462C9B7A-2267-4BE1-A05D-C5CC6ABF5949}.Debug|Any CPU.Build.0 = Debug|Any CPU
		{462C9B7A-2267-4BE1-A05D-C5CC6ABF5949}.Release|Any CPU.ActiveCfg = Release|Any CPU
		{462C9B7A-2267-4BE1-A05D-C5CC6ABF5949}.Release|Any CPU.Build.0 = Release|Any CPU
		{BD25F42C-4148-44DC-B6F9-66EB23C9032F}.Debug|Any CPU.ActiveCfg = Debug|Any CPU
		{BD25F42C-4148-44DC-B6F9-66EB23C9032F}.Debug|Any CPU.Build.0 = Debug|Any CPU
		{BD25F42C-4148-44DC-B6F9-66EB23C9032F}.Release|Any CPU.ActiveCfg = Release|Any CPU
		{BD25F42C-4148-44DC-B6F9-66EB23C9032F}.Release|Any CPU.Build.0 = Release|Any CPU
		{D5991D28-48D6-48EF-908D-2A5CA44C04C4}.Debug|Any CPU.ActiveCfg = Debug|Any CPU
		{D5991D28-48D6-48EF-908D-2A5CA44C04C4}.Debug|Any CPU.Build.0 = Debug|Any CPU
		{D5991D28-48D6-48EF-908D-2A5CA44C04C4}.Release|Any CPU.ActiveCfg = Release|Any CPU
		{D5991D28-48D6-48EF-908D-2A5CA44C04C4}.Release|Any CPU.Build.0 = Release|Any CPU
		{9E311A09-7BD0-40B4-8B38-AC5524A633DD}.Debug|Any CPU.ActiveCfg = Debug|Any CPU
		{9E311A09-7BD0-40B4-8B38-AC5524A633DD}.Debug|Any CPU.Build.0 = Debug|Any CPU
		{9E311A09-7BD0-40B4-8B38-AC5524A633DD}.Release|Any CPU.ActiveCfg = Release|Any CPU
		{9E311A09-7BD0-40B4-8B38-AC5524A633DD}.Release|Any CPU.Build.0 = Release|Any CPU
		{2429B340-42DD-4F53-B76A-62A5A6DFB234}.Debug|Any CPU.ActiveCfg = Debug|Any CPU
		{2429B340-42DD-4F53-B76A-62A5A6DFB234}.Debug|Any CPU.Build.0 = Debug|Any CPU
		{2429B340-42DD-4F53-B76A-62A5A6DFB234}.Release|Any CPU.ActiveCfg = Release|Any CPU
		{2429B340-42DD-4F53-B76A-62A5A6DFB234}.Release|Any CPU.Build.0 = Release|Any CPU
		{6CB6444D-54B0-4B27-B1C2-D96565915E4A}.Debug|Any CPU.ActiveCfg = Debug|Any CPU
		{6CB6444D-54B0-4B27-B1C2-D96565915E4A}.Debug|Any CPU.Build.0 = Debug|Any CPU
		{6CB6444D-54B0-4B27-B1C2-D96565915E4A}.Release|Any CPU.ActiveCfg = Release|Any CPU
		{6CB6444D-54B0-4B27-B1C2-D96565915E4A}.Release|Any CPU.Build.0 = Release|Any CPU
		{739802D2-DA14-4597-B35A-4711E63D8987}.Debug|Any CPU.ActiveCfg = Debug|Any CPU
		{739802D2-DA14-4597-B35A-4711E63D8987}.Debug|Any CPU.Build.0 = Debug|Any CPU
		{739802D2-DA14-4597-B35A-4711E63D8987}.Release|Any CPU.ActiveCfg = Release|Any CPU
		{739802D2-DA14-4597-B35A-4711E63D8987}.Release|Any CPU.Build.0 = Release|Any CPU
		{82837F38-1F38-4E1C-8752-0213A57452A5}.Debug|Any CPU.ActiveCfg = Debug|Any CPU
		{82837F38-1F38-4E1C-8752-0213A57452A5}.Debug|Any CPU.Build.0 = Debug|Any CPU
		{82837F38-1F38-4E1C-8752-0213A57452A5}.Release|Any CPU.ActiveCfg = Release|Any CPU
		{82837F38-1F38-4E1C-8752-0213A57452A5}.Release|Any CPU.Build.0 = Release|Any CPU
	EndGlobalSection
	GlobalSection(SolutionProperties) = preSolution
		HideSolutionNode = FALSE
	EndGlobalSection
EndGlobal
